// !$*UTF8*$!
{
	archiveVersion = 1;
	classes = {
	};
	objectVersion = 50;
	objects = {

/* Begin PBXBuildFile section */
		22D1C6E6229D4C3C000ACBBD /* AppDelegate.swift in Sources */ = {isa = PBXBuildFile; fileRef = 22D1C6E5229D4C3C000ACBBD /* AppDelegate.swift */; };
		22D1C6E8229D4C3C000ACBBD /* ViewController.swift in Sources */ = {isa = PBXBuildFile; fileRef = 22D1C6E7229D4C3C000ACBBD /* ViewController.swift */; };
		22D1C6EB229D4C3C000ACBBD /* Main.storyboard in Resources */ = {isa = PBXBuildFile; fileRef = 22D1C6E9229D4C3C000ACBBD /* Main.storyboard */; };
		22D1C6ED229D4C3D000ACBBD /* Assets.xcassets in Resources */ = {isa = PBXBuildFile; fileRef = 22D1C6EC229D4C3D000ACBBD /* Assets.xcassets */; };
		22D1C6F0229D4C3D000ACBBD /* LaunchScreen.storyboard in Resources */ = {isa = PBXBuildFile; fileRef = 22D1C6EE229D4C3D000ACBBD /* LaunchScreen.storyboard */; };
		5E36DE5EE6B3B31E8FB337D7 /* Pods_TesteFrameworkPod.framework in Frameworks */ = {isa = PBXBuildFile; fileRef = 4BF2798AE10497D3EB51D07A /* Pods_TesteFrameworkPod.framework */; };
/* End PBXBuildFile section */

/* Begin PBXFileReference section */
		22D1C6E2229D4C3C000ACBBD /* TesteFrameworkPod.app */ = {isa = PBXFileReference; explicitFileType = wrapper.application; includeInIndex = 0; path = TesteFrameworkPod.app; sourceTree = BUILT_PRODUCTS_DIR; };
		22D1C6E5229D4C3C000ACBBD /* AppDelegate.swift */ = {isa = PBXFileReference; lastKnownFileType = sourcecode.swift; path = AppDelegate.swift; sourceTree = "<group>"; };
		22D1C6E7229D4C3C000ACBBD /* ViewController.swift */ = {isa = PBXFileReference; lastKnownFileType = sourcecode.swift; path = ViewController.swift; sourceTree = "<group>"; };
		22D1C6EA229D4C3C000ACBBD /* Base */ = {isa = PBXFileReference; lastKnownFileType = file.storyboard; name = Base; path = Base.lproj/Main.storyboard; sourceTree = "<group>"; };
		22D1C6EC229D4C3D000ACBBD /* Assets.xcassets */ = {isa = PBXFileReference; lastKnownFileType = folder.assetcatalog; path = Assets.xcassets; sourceTree = "<group>"; };
		22D1C6EF229D4C3D000ACBBD /* Base */ = {isa = PBXFileReference; lastKnownFileType = file.storyboard; name = Base; path = Base.lproj/LaunchScreen.storyboard; sourceTree = "<group>"; };
		22D1C6F1229D4C3D000ACBBD /* Info.plist */ = {isa = PBXFileReference; lastKnownFileType = text.plist.xml; path = Info.plist; sourceTree = "<group>"; };
		4BF2798AE10497D3EB51D07A /* Pods_TesteFrameworkPod.framework */ = {isa = PBXFileReference; explicitFileType = wrapper.framework; includeInIndex = 0; path = Pods_TesteFrameworkPod.framework; sourceTree = BUILT_PRODUCTS_DIR; };
		9A387A753817D7060620D118 /* Pods-TesteFrameworkPod.release.xcconfig */ = {isa = PBXFileReference; includeInIndex = 1; lastKnownFileType = text.xcconfig; name = "Pods-TesteFrameworkPod.release.xcconfig"; path = "Pods/Target Support Files/Pods-TesteFrameworkPod/Pods-TesteFrameworkPod.release.xcconfig"; sourceTree = "<group>"; };
		D0476C351BA18C7702E4ABCA /* Pods-TesteFrameworkPod.debug.xcconfig */ = {isa = PBXFileReference; includeInIndex = 1; lastKnownFileType = text.xcconfig; name = "Pods-TesteFrameworkPod.debug.xcconfig"; path = "Pods/Target Support Files/Pods-TesteFrameworkPod/Pods-TesteFrameworkPod.debug.xcconfig"; sourceTree = "<group>"; };
/* End PBXFileReference section */

/* Begin PBXFrameworksBuildPhase section */
		22D1C6DF229D4C3C000ACBBD /* Frameworks */ = {
			isa = PBXFrameworksBuildPhase;
			buildActionMask = 2147483647;
			files = (
				5E36DE5EE6B3B31E8FB337D7 /* Pods_TesteFrameworkPod.framework in Frameworks */,
			);
			runOnlyForDeploymentPostprocessing = 0;
		};
/* End PBXFrameworksBuildPhase section */

/* Begin PBXGroup section */
		22D1C6D9229D4C3C000ACBBD = {
			isa = PBXGroup;
			children = (
				22D1C6E4229D4C3C000ACBBD /* TesteFrameworkPod */,
				22D1C6E3229D4C3C000ACBBD /* Products */,
				E66A8721CCF42BF88CF1E868 /* Pods */,
				E55C166BCB299D7F53564F19 /* Frameworks */,
			);
			sourceTree = "<group>";
		};
		22D1C6E3229D4C3C000ACBBD /* Products */ = {
			isa = PBXGroup;
			children = (
				22D1C6E2229D4C3C000ACBBD /* TesteFrameworkPod.app */,
			);
			name = Products;
			sourceTree = "<group>";
		};
		22D1C6E4229D4C3C000ACBBD /* TesteFrameworkPod */ = {
			isa = PBXGroup;
			children = (
				22D1C6E5229D4C3C000ACBBD /* AppDelegate.swift */,
				22D1C6E7229D4C3C000ACBBD /* ViewController.swift */,
				22D1C6E9229D4C3C000ACBBD /* Main.storyboard */,
				22D1C6EC229D4C3D000ACBBD /* Assets.xcassets */,
				22D1C6EE229D4C3D000ACBBD /* LaunchScreen.storyboard */,
				22D1C6F1229D4C3D000ACBBD /* Info.plist */,
			);
			path = TesteFrameworkPod;
			sourceTree = "<group>";
		};
		E55C166BCB299D7F53564F19 /* Frameworks */ = {
			isa = PBXGroup;
			children = (
				4BF2798AE10497D3EB51D07A /* Pods_TesteFrameworkPod.framework */,
			);
			name = Frameworks;
			sourceTree = "<group>";
		};
		E66A8721CCF42BF88CF1E868 /* Pods */ = {
			isa = PBXGroup;
			children = (
				D0476C351BA18C7702E4ABCA /* Pods-TesteFrameworkPod.debug.xcconfig */,
				9A387A753817D7060620D118 /* Pods-TesteFrameworkPod.release.xcconfig */,
			);
			name = Pods;
			sourceTree = "<group>";
		};
/* End PBXGroup section */

/* Begin PBXNativeTarget section */
		22D1C6E1229D4C3C000ACBBD /* TesteFrameworkPod */ = {
			isa = PBXNativeTarget;
			buildConfigurationList = 22D1C6F4229D4C3D000ACBBD /* Build configuration list for PBXNativeTarget "TesteFrameworkPod" */;
			buildPhases = (
				2AD2D83C445D0BD5B9CEAD0E /* [CP] Check Pods Manifest.lock */,
				22D1C6DE229D4C3C000ACBBD /* Sources */,
				22D1C6DF229D4C3C000ACBBD /* Frameworks */,
				22D1C6E0229D4C3C000ACBBD /* Resources */,
				5C6B54AFB8AF5919481A3F7B /* [CP] Embed Pods Frameworks */,
			);
			buildRules = (
			);
			dependencies = (
			);
			name = TesteFrameworkPod;
			productName = TesteFrameworkPod;
			productReference = 22D1C6E2229D4C3C000ACBBD /* TesteFrameworkPod.app */;
			productType = "com.apple.product-type.application";
		};
/* End PBXNativeTarget section */

/* Begin PBXProject section */
		22D1C6DA229D4C3C000ACBBD /* Project object */ = {
			isa = PBXProject;
			attributes = {
				LastSwiftUpdateCheck = 1020;
				LastUpgradeCheck = 1020;
				ORGANIZATIONNAME = "Douglas Seabra Pedrosa";
				TargetAttributes = {
					22D1C6E1229D4C3C000ACBBD = {
						CreatedOnToolsVersion = 10.2.1;
					};
				};
			};
			buildConfigurationList = 22D1C6DD229D4C3C000ACBBD /* Build configuration list for PBXProject "TesteFrameworkPod" */;
			compatibilityVersion = "Xcode 9.3";
			developmentRegion = en;
			hasScannedForEncodings = 0;
			knownRegions = (
				en,
				Base,
			);
			mainGroup = 22D1C6D9229D4C3C000ACBBD;
			productRefGroup = 22D1C6E3229D4C3C000ACBBD /* Products */;
			projectDirPath = "";
			projectRoot = "";
			targets = (
				22D1C6E1229D4C3C000ACBBD /* TesteFrameworkPod */,
			);
		};
/* End PBXProject section */

/* Begin PBXResourcesBuildPhase section */
		22D1C6E0229D4C3C000ACBBD /* Resources */ = {
			isa = PBXResourcesBuildPhase;
			buildActionMask = 2147483647;
			files = (
				22D1C6F0229D4C3D000ACBBD /* LaunchScreen.storyboard in Resources */,
				22D1C6ED229D4C3D000ACBBD /* Assets.xcassets in Resources */,
				22D1C6EB229D4C3C000ACBBD /* Main.storyboard in Resources */,
			);
			runOnlyForDeploymentPostprocessing = 0;
		};
/* End PBXResourcesBuildPhase section */

/* Begin PBXShellScriptBuildPhase section */
		2AD2D83C445D0BD5B9CEAD0E /* [CP] Check Pods Manifest.lock */ = {
			isa = PBXShellScriptBuildPhase;
			buildActionMask = 2147483647;
			files = (
			);
			inputFileListPaths = (
			);
			inputPaths = (
				"${PODS_PODFILE_DIR_PATH}/Podfile.lock",
				"${PODS_ROOT}/Manifest.lock",
			);
			name = "[CP] Check Pods Manifest.lock";
			outputFileListPaths = (
			);
			outputPaths = (
				"$(DERIVED_FILE_DIR)/Pods-TesteFrameworkPod-checkManifestLockResult.txt",
			);
			runOnlyForDeploymentPostprocessing = 0;
			shellPath = /bin/sh;
			shellScript = "diff \"${PODS_PODFILE_DIR_PATH}/Podfile.lock\" \"${PODS_ROOT}/Manifest.lock\" > /dev/null\nif [ $? != 0 ] ; then\n    # print error to STDERR\n    echo \"error: The sandbox is not in sync with the Podfile.lock. Run 'pod install' or update your CocoaPods installation.\" >&2\n    exit 1\nfi\n# This output is used by Xcode 'outputs' to avoid re-running this script phase.\necho \"SUCCESS\" > \"${SCRIPT_OUTPUT_FILE_0}\"\n";
			showEnvVarsInLog = 0;
		};
		5C6B54AFB8AF5919481A3F7B /* [CP] Embed Pods Frameworks */ = {
			isa = PBXShellScriptBuildPhase;
			buildActionMask = 2147483647;
			files = (
			);
			inputFileListPaths = (
			);
			inputPaths = (
				"${SRCROOT}/Pods/Target Support Files/Pods-TesteFrameworkPod/Pods-TesteFrameworkPod-frameworks.sh",
				"${BUILT_PRODUCTS_DIR}/Alamofire/Alamofire.framework",
				"${BUILT_PRODUCTS_DIR}/DSPFramework/DSPFramework.framework",
			);
			name = "[CP] Embed Pods Frameworks";
			outputFileListPaths = (
			);
			outputPaths = (
				"${TARGET_BUILD_DIR}/${FRAMEWORKS_FOLDER_PATH}/Alamofire.framework",
				"${TARGET_BUILD_DIR}/${FRAMEWORKS_FOLDER_PATH}/DSPFramework.framework",
			);
			runOnlyForDeploymentPostprocessing = 0;
			shellPath = /bin/sh;
			shellScript = "\"${SRCROOT}/Pods/Target Support Files/Pods-TesteFrameworkPod/Pods-TesteFrameworkPod-frameworks.sh\"\n";
			showEnvVarsInLog = 0;
		};
/* End PBXShellScriptBuildPhase section */

/* Begin PBXSourcesBuildPhase section */
		22D1C6DE229D4C3C000ACBBD /* Sources */ = {
			isa = PBXSourcesBuildPhase;
			buildActionMask = 2147483647;
			files = (
				22D1C6E8229D4C3C000ACBBD /* ViewController.swift in Sources */,
				22D1C6E6229D4C3C000ACBBD /* AppDelegate.swift in Sources */,
			);
			runOnlyForDeploymentPostprocessing = 0;
		};
/* End PBXSourcesBuildPhase section */

/* Begin PBXVariantGroup section */
		22D1C6E9229D4C3C000ACBBD /* Main.storyboard */ = {
			isa = PBXVariantGroup;
			children = (
				22D1C6EA229D4C3C000ACBBD /* Base */,
			);
			name = Main.storyboard;
			sourceTree = "<group>";
		};
		22D1C6EE229D4C3D000ACBBD /* LaunchScreen.storyboard */ = {
			isa = PBXVariantGroup;
			children = (
				22D1C6EF229D4C3D000ACBBD /* Base */,
			);
			name = LaunchScreen.storyboard;
			sourceTree = "<group>";
		};
/* End PBXVariantGroup section */

/* Begin XCBuildConfiguration section */
		22D1C6F2229D4C3D000ACBBD /* Debug */ = {
			isa = XCBuildConfiguration;
			buildSettings = {
				ALWAYS_SEARCH_USER_PATHS = NO;
				CLANG_ANALYZER_NONNULL = YES;
				CLANG_ANALYZER_NUMBER_OBJECT_CONVERSION = YES_AGGRESSIVE;
				CLANG_CXX_LANGUAGE_STANDARD = "gnu++14";
				CLANG_CXX_LIBRARY = "libc++";
				CLANG_ENABLE_MODULES = YES;
				CLANG_ENABLE_OBJC_ARC = YES;
				CLANG_ENABLE_OBJC_WEAK = YES;
				CLANG_WARN_BLOCK_CAPTURE_AUTORELEASING = YES;
				CLANG_WARN_BOOL_CONVERSION = YES;
				CLANG_WARN_COMMA = YES;
				CLANG_WARN_CONSTANT_CONVERSION = YES;
				CLANG_WARN_DEPRECATED_OBJC_IMPLEMENTATIONS = YES;
				CLANG_WARN_DIRECT_OBJC_ISA_USAGE = YES_ERROR;
				CLANG_WARN_DOCUMENTATION_COMMENTS = YES;
				CLANG_WARN_EMPTY_BODY = YES;
				CLANG_WARN_ENUM_CONVERSION = YES;
				CLANG_WARN_INFINITE_RECURSION = YES;
				CLANG_WARN_INT_CONVERSION = YES;
				CLANG_WARN_NON_LITERAL_NULL_CONVERSION = YES;
				CLANG_WARN_OBJC_IMPLICIT_RETAIN_SELF = YES;
				CLANG_WARN_OBJC_LITERAL_CONVERSION = YES;
				CLANG_WARN_OBJC_ROOT_CLASS = YES_ERROR;
				CLANG_WARN_RANGE_LOOP_ANALYSIS = YES;
				CLANG_WARN_STRICT_PROTOTYPES = YES;
				CLANG_WARN_SUSPICIOUS_MOVE = YES;
				CLANG_WARN_UNGUARDED_AVAILABILITY = YES_AGGRESSIVE;
				CLANG_WARN_UNREACHABLE_CODE = YES;
				CLANG_WARN__DUPLICATE_METHOD_MATCH = YES;
				CODE_SIGN_IDENTITY = "iPhone Developer";
				COPY_PHASE_STRIP = NO;
				DEBUG_INFORMATION_FORMAT = dwarf;
				ENABLE_STRICT_OBJC_MSGSEND = YES;
				ENABLE_TESTABILITY = YES;
				GCC_C_LANGUAGE_STANDARD = gnu11;
				GCC_DYNAMIC_NO_PIC = NO;
				GCC_NO_COMMON_BLOCKS = YES;
				GCC_OPTIMIZATION_LEVEL = 0;
				GCC_PREPROCESSOR_DEFINITIONS = (
					"DEBUG=1",
					"$(inherited)",
				);
				GCC_WARN_64_TO_32_BIT_CONVERSION = YES;
				GCC_WARN_ABOUT_RETURN_TYPE = YES_ERROR;
				GCC_WARN_UNDECLARED_SELECTOR = YES;
				GCC_WARN_UNINITIALIZED_AUTOS = YES_AGGRESSIVE;
				GCC_WARN_UNUSED_FUNCTION = YES;
				GCC_WARN_UNUSED_VARIABLE = YES;
				IPHONEOS_DEPLOYMENT_TARGET = 12.2;
				MTL_ENABLE_DEBUG_INFO = INCLUDE_SOURCE;
				MTL_FAST_MATH = YES;
				ONLY_ACTIVE_ARCH = YES;
				SDKROOT = iphoneos;
				SWIFT_ACTIVE_COMPILATION_CONDITIONS = DEBUG;
				SWIFT_OPTIMIZATION_LEVEL = "-Onone";
			};
			name = Debug;
		};
		22D1C6F3229D4C3D000ACBBD /* Release */ = {
			isa = XCBuildConfiguration;
			buildSettings = {
				ALWAYS_SEARCH_USER_PATHS = NO;
				CLANG_ANALYZER_NONNULL = YES;
				CLANG_ANALYZER_NUMBER_OBJECT_CONVERSION = YES_AGGRESSIVE;
				CLANG_CXX_LANGUAGE_STANDARD = "gnu++14";
				CLANG_CXX_LIBRARY = "libc++";
				CLANG_ENABLE_MODULES = YES;
				CLANG_ENABLE_OBJC_ARC = YES;
				CLANG_ENABLE_OBJC_WEAK = YES;
				CLANG_WARN_BLOCK_CAPTURE_AUTORELEASING = YES;
				CLANG_WARN_BOOL_CONVERSION = YES;
				CLANG_WARN_COMMA = YES;
				CLANG_WARN_CONSTANT_CONVERSION = YES;
				CLANG_WARN_DEPRECATED_OBJC_IMPLEMENTATIONS = YES;
				CLANG_WARN_DIRECT_OBJC_ISA_USAGE = YES_ERROR;
				CLANG_WARN_DOCUMENTATION_COMMENTS = YES;
				CLANG_WARN_EMPTY_BODY = YES;
				CLANG_WARN_ENUM_CONVERSION = YES;
				CLANG_WARN_INFINITE_RECURSION = YES;
				CLANG_WARN_INT_CONVERSION = YES;
				CLANG_WARN_NON_LITERAL_NULL_CONVERSION = YES;
				CLANG_WARN_OBJC_IMPLICIT_RETAIN_SELF = YES;
				CLANG_WARN_OBJC_LITERAL_CONVERSION = YES;
				CLANG_WARN_OBJC_ROOT_CLASS = YES_ERROR;
				CLANG_WARN_RANGE_LOOP_ANALYSIS = YES;
				CLANG_WARN_STRICT_PROTOTYPES = YES;
				CLANG_WARN_SUSPICIOUS_MOVE = YES;
				CLANG_WARN_UNGUARDED_AVAILABILITY = YES_AGGRESSIVE;
				CLANG_WARN_UNREACHABLE_CODE = YES;
				CLANG_WARN__DUPLICATE_METHOD_MATCH = YES;
				CODE_SIGN_IDENTITY = "iPhone Developer";
				COPY_PHASE_STRIP = NO;
				DEBUG_INFORMATION_FORMAT = "dwarf-with-dsym";
				ENABLE_NS_ASSERTIONS = NO;
				ENABLE_STRICT_OBJC_MSGSEND = YES;
				GCC_C_LANGUAGE_STANDARD = gnu11;
				GCC_NO_COMMON_BLOCKS = YES;
				GCC_WARN_64_TO_32_BIT_CONVERSION = YES;
				GCC_WARN_ABOUT_RETURN_TYPE = YES_ERROR;
				GCC_WARN_UNDECLARED_SELECTOR = YES;
				GCC_WARN_UNINITIALIZED_AUTOS = YES_AGGRESSIVE;
				GCC_WARN_UNUSED_FUNCTION = YES;
				GCC_WARN_UNUSED_VARIABLE = YES;
				IPHONEOS_DEPLOYMENT_TARGET = 12.2;
				MTL_ENABLE_DEBUG_INFO = NO;
				MTL_FAST_MATH = YES;
				SDKROOT = iphoneos;
				SWIFT_COMPILATION_MODE = wholemodule;
				SWIFT_OPTIMIZATION_LEVEL = "-O";
				VALIDATE_PRODUCT = YES;
			};
			name = Release;
		};
		22D1C6F5229D4C3D000ACBBD /* Debug */ = {
			isa = XCBuildConfiguration;
			baseConfigurationReference = D0476C351BA18C7702E4ABCA /* Pods-TesteFrameworkPod.debug.xcconfig */;
			buildSettings = {
				ASSETCATALOG_COMPILER_APPICON_NAME = AppIcon;
				CODE_SIGN_STYLE = Automatic;
				DEVELOPMENT_TEAM = WUMSP65L4X;
				INFOPLIST_FILE = TesteFrameworkPod/Info.plist;
				LD_RUNPATH_SEARCH_PATHS = (
					"$(inherited)",
					"@executable_path/Frameworks",
				);
				PRODUCT_BUNDLE_IDENTIFIER = douglas.pedrosa.TesteFrameworkPod;
				PRODUCT_NAME = "$(TARGET_NAME)";
				SWIFT_VERSION = 5.0;
				TARGETED_DEVICE_FAMILY = "1,2";
			};
			name = Debug;
		};
		22D1C6F6229D4C3D000ACBBD /* Release */ = {
			isa = XCBuildConfiguration;
			baseConfigurationReference = 9A387A753817D7060620D118 /* Pods-TesteFrameworkPod.release.xcconfig */;
			buildSettings = {
				ASSETCATALOG_COMPILER_APPICON_NAME = AppIcon;
				CODE_SIGN_STYLE = Automatic;
				DEVELOPMENT_TEAM = WUMSP65L4X;
				INFOPLIST_FILE = TesteFrameworkPod/Info.plist;
				LD_RUNPATH_SEARCH_PATHS = (
					"$(inherited)",
					"@executable_path/Frameworks",
				);
				PRODUCT_BUNDLE_IDENTIFIER = douglas.pedrosa.TesteFrameworkPod;
				PRODUCT_NAME = "$(TARGET_NAME)";
				SWIFT_VERSION = 5.0;
				TARGETED_DEVICE_FAMILY = "1,2";
			};
			name = Release;
		};
/* End XCBuildConfiguration section */

/* Begin XCConfigurationList section */
		22D1C6DD229D4C3C000ACBBD /* Build configuration list for PBXProject "TesteFrameworkPod" */ = {
			isa = XCConfigurationList;
			buildConfigurations = (
				22D1C6F2229D4C3D000ACBBD /* Debug */,
				22D1C6F3229D4C3D000ACBBD /* Release */,
			);
			defaultConfigurationIsVisible = 0;
			defaultConfigurationName = Release;
		};
		22D1C6F4229D4C3D000ACBBD /* Build configuration list for PBXNativeTarget "TesteFrameworkPod" */ = {
			isa = XCConfigurationList;
			buildConfigurations = (
				22D1C6F5229D4C3D000ACBBD /* Debug */,
				22D1C6F6229D4C3D000ACBBD /* Release */,
			);
			defaultConfigurationIsVisible = 0;
			defaultConfigurationName = Release;
		};
/* End XCConfigurationList section */
	};
	rootObject = 22D1C6DA229D4C3C000ACBBD /* Project object */;
}
