PODS:
  - DSPFramework (1.0.0)

DEPENDENCIES:
  - DSPFramework (from `../DSFramework`)

EXTERNAL SOURCES:
  DSPFramework:
    :path: "../DSFramework"

SPEC CHECKSUMS:
  DSPFramework: e6d85b65bdfb65490cf92ea89df496a28fd0fb65

PODFILE CHECKSUM: b5f0cd10474419e2c10946ce47a8f8fe8a4bffb9

COCOAPODS: 1.6.1
